// !$*UTF8*$!
{
	archiveVersion = 1;
	classes = {
	};
	objectVersion = 56;
	objects = {

/* Begin PBXBuildFile section */
		0B39F911292509D100C21405 /* IdeaView.swift in Sources */ = {isa = PBXBuildFile; fileRef = 0B39F910292509D100C21405 /* IdeaView.swift */; };
		0B39F91329250C9800C21405 /* UserView.swift in Sources */ = {isa = PBXBuildFile; fileRef = 0B39F91229250C9700C21405 /* UserView.swift */; };
		0B39F91529250CB100C21405 /* GoalView.swift in Sources */ = {isa = PBXBuildFile; fileRef = 0B39F91429250CB100C21405 /* GoalView.swift */; };
		0B39F917292512DB00C21405 /* MyTabView.swift in Sources */ = {isa = PBXBuildFile; fileRef = 0B39F916292512DB00C21405 /* MyTabView.swift */; };
		0B39F9192925807500C21405 /* ShapeExtensions.swift in Sources */ = {isa = PBXBuildFile; fileRef = 0B39F9182925807500C21405 /* ShapeExtensions.swift */; };
		0B39F91B292592C500C21405 /* SearchView.swift in Sources */ = {isa = PBXBuildFile; fileRef = 0B39F91A292592C500C21405 /* SearchView.swift */; };
		0B39F91D292592D100C21405 /* MessagesView.swift in Sources */ = {isa = PBXBuildFile; fileRef = 0B39F91C292592D100C21405 /* MessagesView.swift */; };
		0B39F91F292592D800C21405 /* NotificationsView.swift in Sources */ = {isa = PBXBuildFile; fileRef = 0B39F91E292592D800C21405 /* NotificationsView.swift */; };
		0B39F9212925F91D00C21405 /* MyFab.swift in Sources */ = {isa = PBXBuildFile; fileRef = 0B39F9202925F91D00C21405 /* MyFab.swift */; };
		0B39F92329260D1C00C21405 /* TimeConstants.swift in Sources */ = {isa = PBXBuildFile; fileRef = 0B39F92229260D1C00C21405 /* TimeConstants.swift */; };
		0B39F9252926CE7300C21405 /* SpacingExtensions.swift in Sources */ = {isa = PBXBuildFile; fileRef = 0B39F9242926CE7300C21405 /* SpacingExtensions.swift */; };
		0B39F92829291A9A00C21405 /* PreferenceKeys.swift in Sources */ = {isa = PBXBuildFile; fileRef = 0B39F92729291A9A00C21405 /* PreferenceKeys.swift */; };
		0B781FE629211243001D84AB /* sonddrApp.swift in Sources */ = {isa = PBXBuildFile; fileRef = 0B781FE529211243001D84AB /* sonddrApp.swift */; };
		0B781FE829211243001D84AB /* ContentView.swift in Sources */ = {isa = PBXBuildFile; fileRef = 0B781FE729211243001D84AB /* ContentView.swift */; };
		0B781FEA29211244001D84AB /* Assets.xcassets in Resources */ = {isa = PBXBuildFile; fileRef = 0B781FE929211244001D84AB /* Assets.xcassets */; };
		0B781FED29211244001D84AB /* Preview Assets.xcassets in Resources */ = {isa = PBXBuildFile; fileRef = 0B781FEC29211244001D84AB /* Preview Assets.xcassets */; };
		0B781FF529211925001D84AB /* TextExtensions.swift in Sources */ = {isa = PBXBuildFile; fileRef = 0B781FF429211925001D84AB /* TextExtensions.swift */; };
		0B781FF829211A7F001D84AB /* SpacingConstants.swift in Sources */ = {isa = PBXBuildFile; fileRef = 0B781FF729211A7F001D84AB /* SpacingConstants.swift */; };
		0B781FFB29212146001D84AB /* GoalChip.swift in Sources */ = {isa = PBXBuildFile; fileRef = 0B781FFA29212146001D84AB /* GoalChip.swift */; };
		0B781FFE292122E6001D84AB /* Goal.swift in Sources */ = {isa = PBXBuildFile; fileRef = 0B781FFD292122E6001D84AB /* Goal.swift */; };
		0B78200029212619001D84AB /* LabelExtensions.swift in Sources */ = {isa = PBXBuildFile; fileRef = 0B781FFF29212619001D84AB /* LabelExtensions.swift */; };
		0B78200229212D31001D84AB /* HeaderHStack.swift in Sources */ = {isa = PBXBuildFile; fileRef = 0B78200129212D31001D84AB /* HeaderHStack.swift */; };
		0B78200429227632001D84AB /* ScrollViewWithOffset.swift in Sources */ = {isa = PBXBuildFile; fileRef = 0B78200329227632001D84AB /* ScrollViewWithOffset.swift */; };
		0B7820062923530C001D84AB /* GoalBadge.swift in Sources */ = {isa = PBXBuildFile; fileRef = 0B7820052923530C001D84AB /* GoalBadge.swift */; };
		0B782008292355A9001D84AB /* RatingBadge.swift in Sources */ = {isa = PBXBuildFile; fileRef = 0B782007292355A9001D84AB /* RatingBadge.swift */; };
		0B78200A29235FAA001D84AB /* ProfilePicture.swift in Sources */ = {isa = PBXBuildFile; fileRef = 0B78200929235FAA001D84AB /* ProfilePicture.swift */; };
		0B78200C29235FCC001D84AB /* User.swift in Sources */ = {isa = PBXBuildFile; fileRef = 0B78200B29235FCC001D84AB /* User.swift */; };
		0B78200E29236219001D84AB /* Idea.swift in Sources */ = {isa = PBXBuildFile; fileRef = 0B78200D29236219001D84AB /* Idea.swift */; };
		0B78201129236318001D84AB /* Random.swift in Sources */ = {isa = PBXBuildFile; fileRef = 0B78201029236318001D84AB /* Random.swift */; };
		0B782013292363DE001D84AB /* SizeConstants.swift in Sources */ = {isa = PBXBuildFile; fileRef = 0B782012292363DE001D84AB /* SizeConstants.swift */; };
		0B78201529236476001D84AB /* IdeaCard.swift in Sources */ = {isa = PBXBuildFile; fileRef = 0B78201429236476001D84AB /* IdeaCard.swift */; };
		0B78201729236A2B001D84AB /* TimeUtilities.swift in Sources */ = {isa = PBXBuildFile; fileRef = 0B78201629236A2B001D84AB /* TimeUtilities.swift */; };
		0B78201929237E22001D84AB /* IdeaList.swift in Sources */ = {isa = PBXBuildFile; fileRef = 0B78201829237E22001D84AB /* IdeaList.swift */; };
		0B78201B29243109001D84AB /* MyBackground.swift in Sources */ = {isa = PBXBuildFile; fileRef = 0B78201A29243109001D84AB /* MyBackground.swift */; };
		0B78201D2924315A001D84AB /* ColorConstants.swift in Sources */ = {isa = PBXBuildFile; fileRef = 0B78201C2924315A001D84AB /* ColorConstants.swift */; };
		0B78202029243A31001D84AB /* HomeView.swift in Sources */ = {isa = PBXBuildFile; fileRef = 0B78201F29243A31001D84AB /* HomeView.swift */; };
		0BE4A3F6292B51150098AB62 /* NotificationExtensions.swift in Sources */ = {isa = PBXBuildFile; fileRef = 0BE4A3F5292B51150098AB62 /* NotificationExtensions.swift */; };
		0BE4A3F9292EC5200098AB62 /* SplashScreen.swift in Sources */ = {isa = PBXBuildFile; fileRef = 0BE4A3F8292EC5200098AB62 /* SplashScreen.swift */; };
/* End PBXBuildFile section */

/* Begin PBXFileReference section */
		0B39F910292509D100C21405 /* IdeaView.swift */ = {isa = PBXFileReference; lastKnownFileType = sourcecode.swift; path = IdeaView.swift; sourceTree = "<group>"; };
		0B39F91229250C9700C21405 /* UserView.swift */ = {isa = PBXFileReference; lastKnownFileType = sourcecode.swift; path = UserView.swift; sourceTree = "<group>"; };
		0B39F91429250CB100C21405 /* GoalView.swift */ = {isa = PBXFileReference; lastKnownFileType = sourcecode.swift; path = GoalView.swift; sourceTree = "<group>"; };
		0B39F916292512DB00C21405 /* MyTabView.swift */ = {isa = PBXFileReference; lastKnownFileType = sourcecode.swift; path = MyTabView.swift; sourceTree = "<group>"; };
		0B39F9182925807500C21405 /* ShapeExtensions.swift */ = {isa = PBXFileReference; lastKnownFileType = sourcecode.swift; path = ShapeExtensions.swift; sourceTree = "<group>"; };
		0B39F91A292592C500C21405 /* SearchView.swift */ = {isa = PBXFileReference; lastKnownFileType = sourcecode.swift; path = SearchView.swift; sourceTree = "<group>"; };
		0B39F91C292592D100C21405 /* MessagesView.swift */ = {isa = PBXFileReference; lastKnownFileType = sourcecode.swift; path = MessagesView.swift; sourceTree = "<group>"; };
		0B39F91E292592D800C21405 /* NotificationsView.swift */ = {isa = PBXFileReference; lastKnownFileType = sourcecode.swift; path = NotificationsView.swift; sourceTree = "<group>"; };
		0B39F9202925F91D00C21405 /* MyFab.swift */ = {isa = PBXFileReference; lastKnownFileType = sourcecode.swift; path = MyFab.swift; sourceTree = "<group>"; };
		0B39F92229260D1C00C21405 /* TimeConstants.swift */ = {isa = PBXFileReference; lastKnownFileType = sourcecode.swift; path = TimeConstants.swift; sourceTree = "<group>"; };
		0B39F9242926CE7300C21405 /* SpacingExtensions.swift */ = {isa = PBXFileReference; lastKnownFileType = sourcecode.swift; path = SpacingExtensions.swift; sourceTree = "<group>"; };
		0B39F92729291A9A00C21405 /* PreferenceKeys.swift */ = {isa = PBXFileReference; lastKnownFileType = sourcecode.swift; path = PreferenceKeys.swift; sourceTree = "<group>"; };
		0B781FE229211243001D84AB /* sonddr.app */ = {isa = PBXFileReference; explicitFileType = wrapper.application; includeInIndex = 0; path = sonddr.app; sourceTree = BUILT_PRODUCTS_DIR; };
		0B781FE529211243001D84AB /* sonddrApp.swift */ = {isa = PBXFileReference; lastKnownFileType = sourcecode.swift; path = sonddrApp.swift; sourceTree = "<group>"; };
		0B781FE729211243001D84AB /* ContentView.swift */ = {isa = PBXFileReference; lastKnownFileType = sourcecode.swift; path = ContentView.swift; sourceTree = "<group>"; };
		0B781FE929211244001D84AB /* Assets.xcassets */ = {isa = PBXFileReference; lastKnownFileType = folder.assetcatalog; path = Assets.xcassets; sourceTree = "<group>"; };
		0B781FEC29211244001D84AB /* Preview Assets.xcassets */ = {isa = PBXFileReference; lastKnownFileType = folder.assetcatalog; path = "Preview Assets.xcassets"; sourceTree = "<group>"; };
		0B781FF429211925001D84AB /* TextExtensions.swift */ = {isa = PBXFileReference; lastKnownFileType = sourcecode.swift; path = TextExtensions.swift; sourceTree = "<group>"; };
		0B781FF729211A7F001D84AB /* SpacingConstants.swift */ = {isa = PBXFileReference; lastKnownFileType = sourcecode.swift; path = SpacingConstants.swift; sourceTree = "<group>"; };
		0B781FFA29212146001D84AB /* GoalChip.swift */ = {isa = PBXFileReference; lastKnownFileType = sourcecode.swift; path = GoalChip.swift; sourceTree = "<group>"; };
		0B781FFD292122E6001D84AB /* Goal.swift */ = {isa = PBXFileReference; lastKnownFileType = sourcecode.swift; path = Goal.swift; sourceTree = "<group>"; };
		0B781FFF29212619001D84AB /* LabelExtensions.swift */ = {isa = PBXFileReference; lastKnownFileType = sourcecode.swift; path = LabelExtensions.swift; sourceTree = "<group>"; };
		0B78200129212D31001D84AB /* HeaderHStack.swift */ = {isa = PBXFileReference; lastKnownFileType = sourcecode.swift; path = HeaderHStack.swift; sourceTree = "<group>"; };
		0B78200329227632001D84AB /* ScrollViewWithOffset.swift */ = {isa = PBXFileReference; lastKnownFileType = sourcecode.swift; path = ScrollViewWithOffset.swift; sourceTree = "<group>"; };
		0B7820052923530C001D84AB /* GoalBadge.swift */ = {isa = PBXFileReference; lastKnownFileType = sourcecode.swift; path = GoalBadge.swift; sourceTree = "<group>"; };
		0B782007292355A9001D84AB /* RatingBadge.swift */ = {isa = PBXFileReference; lastKnownFileType = sourcecode.swift; path = RatingBadge.swift; sourceTree = "<group>"; };
		0B78200929235FAA001D84AB /* ProfilePicture.swift */ = {isa = PBXFileReference; lastKnownFileType = sourcecode.swift; path = ProfilePicture.swift; sourceTree = "<group>"; };
		0B78200B29235FCC001D84AB /* User.swift */ = {isa = PBXFileReference; lastKnownFileType = sourcecode.swift; path = User.swift; sourceTree = "<group>"; };
		0B78200D29236219001D84AB /* Idea.swift */ = {isa = PBXFileReference; lastKnownFileType = sourcecode.swift; path = Idea.swift; sourceTree = "<group>"; };
		0B78201029236318001D84AB /* Random.swift */ = {isa = PBXFileReference; lastKnownFileType = sourcecode.swift; path = Random.swift; sourceTree = "<group>"; };
		0B782012292363DE001D84AB /* SizeConstants.swift */ = {isa = PBXFileReference; lastKnownFileType = sourcecode.swift; path = SizeConstants.swift; sourceTree = "<group>"; };
		0B78201429236476001D84AB /* IdeaCard.swift */ = {isa = PBXFileReference; lastKnownFileType = sourcecode.swift; path = IdeaCard.swift; sourceTree = "<group>"; };
		0B78201629236A2B001D84AB /* TimeUtilities.swift */ = {isa = PBXFileReference; lastKnownFileType = sourcecode.swift; path = TimeUtilities.swift; sourceTree = "<group>"; };
		0B78201829237E22001D84AB /* IdeaList.swift */ = {isa = PBXFileReference; lastKnownFileType = sourcecode.swift; path = IdeaList.swift; sourceTree = "<group>"; };
		0B78201A29243109001D84AB /* MyBackground.swift */ = {isa = PBXFileReference; lastKnownFileType = sourcecode.swift; path = MyBackground.swift; sourceTree = "<group>"; };
		0B78201C2924315A001D84AB /* ColorConstants.swift */ = {isa = PBXFileReference; lastKnownFileType = sourcecode.swift; path = ColorConstants.swift; sourceTree = "<group>"; };
		0B78201F29243A31001D84AB /* HomeView.swift */ = {isa = PBXFileReference; lastKnownFileType = sourcecode.swift; path = HomeView.swift; sourceTree = "<group>"; };
		0BE4A3F5292B51150098AB62 /* NotificationExtensions.swift */ = {isa = PBXFileReference; lastKnownFileType = sourcecode.swift; path = NotificationExtensions.swift; sourceTree = "<group>"; };
		0BE4A3F7292EB5100098AB62 /* Info.plist */ = {isa = PBXFileReference; lastKnownFileType = text.plist; path = Info.plist; sourceTree = "<group>"; };
		0BE4A3F8292EC5200098AB62 /* SplashScreen.swift */ = {isa = PBXFileReference; lastKnownFileType = sourcecode.swift; path = SplashScreen.swift; sourceTree = "<group>"; };
/* End PBXFileReference section */

/* Begin PBXFrameworksBuildPhase section */
		0B781FDF29211243001D84AB /* Frameworks */ = {
			isa = PBXFrameworksBuildPhase;
			buildActionMask = 2147483647;
			files = (
			);
			runOnlyForDeploymentPostprocessing = 0;
		};
/* End PBXFrameworksBuildPhase section */

/* Begin PBXGroup section */
		0B39F92629291A5E00C21405 /* Misc */ = {
			isa = PBXGroup;
			children = (
				0B39F92729291A9A00C21405 /* PreferenceKeys.swift */,
			);
			path = Misc;
			sourceTree = "<group>";
		};
		0B781FD929211243001D84AB = {
			isa = PBXGroup;
			children = (
				0B781FE429211243001D84AB /* sonddr */,
				0B781FE329211243001D84AB /* Products */,
			);
			sourceTree = "<group>";
		};
		0B781FE329211243001D84AB /* Products */ = {
			isa = PBXGroup;
			children = (
				0B781FE229211243001D84AB /* sonddr.app */,
			);
			name = Products;
			sourceTree = "<group>";
		};
		0B781FE429211243001D84AB /* sonddr */ = {
			isa = PBXGroup;
			children = (
				0BE4A3F7292EB5100098AB62 /* Info.plist */,
				0B39F92629291A5E00C21405 /* Misc */,
				0B78201E29243A0E001D84AB /* Views */,
				0B78200F2923630E001D84AB /* Utils */,
				0B781FFC292122A9001D84AB /* Interfaces */,
				0B781FF929212133001D84AB /* Components */,
				0B781FF629211A6C001D84AB /* Constants */,
				0B781FF329211900001D84AB /* Extensions */,
				0B781FE529211243001D84AB /* sonddrApp.swift */,
				0B781FE729211243001D84AB /* ContentView.swift */,
				0B39F916292512DB00C21405 /* MyTabView.swift */,
				0B781FE929211244001D84AB /* Assets.xcassets */,
				0B781FEB29211244001D84AB /* Preview Content */,
			);
			path = sonddr;
			sourceTree = "<group>";
		};
		0B781FEB29211244001D84AB /* Preview Content */ = {
			isa = PBXGroup;
			children = (
				0B781FEC29211244001D84AB /* Preview Assets.xcassets */,
			);
			path = "Preview Content";
			sourceTree = "<group>";
		};
		0B781FF329211900001D84AB /* Extensions */ = {
			isa = PBXGroup;
			children = (
				0B781FF429211925001D84AB /* TextExtensions.swift */,
				0B781FFF29212619001D84AB /* LabelExtensions.swift */,
				0B39F9182925807500C21405 /* ShapeExtensions.swift */,
				0B39F9242926CE7300C21405 /* SpacingExtensions.swift */,
				0BE4A3F5292B51150098AB62 /* NotificationExtensions.swift */,
			);
			path = Extensions;
			sourceTree = "<group>";
		};
		0B781FF629211A6C001D84AB /* Constants */ = {
			isa = PBXGroup;
			children = (
				0B781FF729211A7F001D84AB /* SpacingConstants.swift */,
				0B782012292363DE001D84AB /* SizeConstants.swift */,
				0B78201C2924315A001D84AB /* ColorConstants.swift */,
				0B39F92229260D1C00C21405 /* TimeConstants.swift */,
			);
			path = Constants;
			sourceTree = "<group>";
		};
		0B781FF929212133001D84AB /* Components */ = {
			isa = PBXGroup;
			children = (
				0BE4A3F8292EC5200098AB62 /* SplashScreen.swift */,
				0B781FFA29212146001D84AB /* GoalChip.swift */,
				0B78200129212D31001D84AB /* HeaderHStack.swift */,
				0B78200329227632001D84AB /* ScrollViewWithOffset.swift */,
				0B7820052923530C001D84AB /* GoalBadge.swift */,
				0B782007292355A9001D84AB /* RatingBadge.swift */,
				0B78200929235FAA001D84AB /* ProfilePicture.swift */,
				0B78201429236476001D84AB /* IdeaCard.swift */,
				0B78201829237E22001D84AB /* IdeaList.swift */,
				0B78201A29243109001D84AB /* MyBackground.swift */,
				0B39F9202925F91D00C21405 /* MyFab.swift */,
			);
			path = Components;
			sourceTree = "<group>";
		};
		0B781FFC292122A9001D84AB /* Interfaces */ = {
			isa = PBXGroup;
			children = (
				0B781FFD292122E6001D84AB /* Goal.swift */,
				0B78200B29235FCC001D84AB /* User.swift */,
				0B78200D29236219001D84AB /* Idea.swift */,
			);
			path = Interfaces;
			sourceTree = "<group>";
		};
		0B78200F2923630E001D84AB /* Utils */ = {
			isa = PBXGroup;
			children = (
				0B78201029236318001D84AB /* Random.swift */,
				0B78201629236A2B001D84AB /* TimeUtilities.swift */,
			);
			path = Utils;
			sourceTree = "<group>";
		};
		0B78201E29243A0E001D84AB /* Views */ = {
			isa = PBXGroup;
			children = (
				0B78201F29243A31001D84AB /* HomeView.swift */,
				0B39F910292509D100C21405 /* IdeaView.swift */,
				0B39F91229250C9700C21405 /* UserView.swift */,
				0B39F91429250CB100C21405 /* GoalView.swift */,
				0B39F91A292592C500C21405 /* SearchView.swift */,
				0B39F91C292592D100C21405 /* MessagesView.swift */,
				0B39F91E292592D800C21405 /* NotificationsView.swift */,
			);
			path = Views;
			sourceTree = "<group>";
		};
/* End PBXGroup section */

/* Begin PBXNativeTarget section */
		0B781FE129211243001D84AB /* sonddr */ = {
			isa = PBXNativeTarget;
			buildConfigurationList = 0B781FF029211244001D84AB /* Build configuration list for PBXNativeTarget "sonddr" */;
			buildPhases = (
				0B781FDE29211243001D84AB /* Sources */,
				0B781FDF29211243001D84AB /* Frameworks */,
				0B781FE029211243001D84AB /* Resources */,
			);
			buildRules = (
			);
			dependencies = (
			);
			name = sonddr;
			productName = sonddr;
			productReference = 0B781FE229211243001D84AB /* sonddr.app */;
			productType = "com.apple.product-type.application";
		};
/* End PBXNativeTarget section */

/* Begin PBXProject section */
		0B781FDA29211243001D84AB /* Project object */ = {
			isa = PBXProject;
			attributes = {
				BuildIndependentTargetsInParallel = 1;
				LastSwiftUpdateCheck = 1410;
				LastUpgradeCheck = 1410;
				TargetAttributes = {
					0B781FE129211243001D84AB = {
						CreatedOnToolsVersion = 14.1;
					};
				};
			};
			buildConfigurationList = 0B781FDD29211243001D84AB /* Build configuration list for PBXProject "sonddr" */;
			compatibilityVersion = "Xcode 14.0";
			developmentRegion = en;
			hasScannedForEncodings = 0;
			knownRegions = (
				en,
				Base,
			);
			mainGroup = 0B781FD929211243001D84AB;
			productRefGroup = 0B781FE329211243001D84AB /* Products */;
			projectDirPath = "";
			projectRoot = "";
			targets = (
				0B781FE129211243001D84AB /* sonddr */,
			);
		};
/* End PBXProject section */

/* Begin PBXResourcesBuildPhase section */
		0B781FE029211243001D84AB /* Resources */ = {
			isa = PBXResourcesBuildPhase;
			buildActionMask = 2147483647;
			files = (
				0B781FED29211244001D84AB /* Preview Assets.xcassets in Resources */,
				0B781FEA29211244001D84AB /* Assets.xcassets in Resources */,
			);
			runOnlyForDeploymentPostprocessing = 0;
		};
/* End PBXResourcesBuildPhase section */

/* Begin PBXSourcesBuildPhase section */
		0B781FDE29211243001D84AB /* Sources */ = {
			isa = PBXSourcesBuildPhase;
			buildActionMask = 2147483647;
			files = (
				0BE4A3F9292EC5200098AB62 /* SplashScreen.swift in Sources */,
				0B782013292363DE001D84AB /* SizeConstants.swift in Sources */,
				0B78200E29236219001D84AB /* Idea.swift in Sources */,
				0B39F917292512DB00C21405 /* MyTabView.swift in Sources */,
				0B39F91529250CB100C21405 /* GoalView.swift in Sources */,
				0B39F92829291A9A00C21405 /* PreferenceKeys.swift in Sources */,
				0B78201D2924315A001D84AB /* ColorConstants.swift in Sources */,
				0B78200C29235FCC001D84AB /* User.swift in Sources */,
				0B39F9252926CE7300C21405 /* SpacingExtensions.swift in Sources */,
				0B78201129236318001D84AB /* Random.swift in Sources */,
				0B78202029243A31001D84AB /* HomeView.swift in Sources */,
				0B782008292355A9001D84AB /* RatingBadge.swift in Sources */,
				0B39F91D292592D100C21405 /* MessagesView.swift in Sources */,
				0B781FE829211243001D84AB /* ContentView.swift in Sources */,
				0B39F91F292592D800C21405 /* NotificationsView.swift in Sources */,
				0B78201729236A2B001D84AB /* TimeUtilities.swift in Sources */,
				0B78201529236476001D84AB /* IdeaCard.swift in Sources */,
				0B78201929237E22001D84AB /* IdeaList.swift in Sources */,
				0B781FFB29212146001D84AB /* GoalChip.swift in Sources */,
				0BE4A3F6292B51150098AB62 /* NotificationExtensions.swift in Sources */,
				0B78200429227632001D84AB /* ScrollViewWithOffset.swift in Sources */,
				0B78200A29235FAA001D84AB /* ProfilePicture.swift in Sources */,
				0B781FF529211925001D84AB /* TextExtensions.swift in Sources */,
				0B7820062923530C001D84AB /* GoalBadge.swift in Sources */,
				0B39F92329260D1C00C21405 /* TimeConstants.swift in Sources */,
				0B781FE629211243001D84AB /* sonddrApp.swift in Sources */,
				0B39F911292509D100C21405 /* IdeaView.swift in Sources */,
				0B39F9212925F91D00C21405 /* MyFab.swift in Sources */,
				0B78201B29243109001D84AB /* MyBackground.swift in Sources */,
				0B39F91329250C9800C21405 /* UserView.swift in Sources */,
				0B39F9192925807500C21405 /* ShapeExtensions.swift in Sources */,
				0B78200229212D31001D84AB /* HeaderHStack.swift in Sources */,
				0B39F91B292592C500C21405 /* SearchView.swift in Sources */,
				0B781FFE292122E6001D84AB /* Goal.swift in Sources */,
				0B78200029212619001D84AB /* LabelExtensions.swift in Sources */,
				0B781FF829211A7F001D84AB /* SpacingConstants.swift in Sources */,
			);
			runOnlyForDeploymentPostprocessing = 0;
		};
/* End PBXSourcesBuildPhase section */

/* Begin XCBuildConfiguration section */
		0B781FEE29211244001D84AB /* Debug */ = {
			isa = XCBuildConfiguration;
			buildSettings = {
				ALWAYS_SEARCH_USER_PATHS = NO;
				CLANG_ANALYZER_NONNULL = YES;
				CLANG_ANALYZER_NUMBER_OBJECT_CONVERSION = YES_AGGRESSIVE;
				CLANG_CXX_LANGUAGE_STANDARD = "gnu++20";
				CLANG_ENABLE_MODULES = YES;
				CLANG_ENABLE_OBJC_ARC = YES;
				CLANG_ENABLE_OBJC_WEAK = YES;
				CLANG_WARN_BLOCK_CAPTURE_AUTORELEASING = YES;
				CLANG_WARN_BOOL_CONVERSION = YES;
				CLANG_WARN_COMMA = YES;
				CLANG_WARN_CONSTANT_CONVERSION = YES;
				CLANG_WARN_DEPRECATED_OBJC_IMPLEMENTATIONS = YES;
				CLANG_WARN_DIRECT_OBJC_ISA_USAGE = YES_ERROR;
				CLANG_WARN_DOCUMENTATION_COMMENTS = YES;
				CLANG_WARN_EMPTY_BODY = YES;
				CLANG_WARN_ENUM_CONVERSION = YES;
				CLANG_WARN_INFINITE_RECURSION = YES;
				CLANG_WARN_INT_CONVERSION = YES;
				CLANG_WARN_NON_LITERAL_NULL_CONVERSION = YES;
				CLANG_WARN_OBJC_IMPLICIT_RETAIN_SELF = YES;
				CLANG_WARN_OBJC_LITERAL_CONVERSION = YES;
				CLANG_WARN_OBJC_ROOT_CLASS = YES_ERROR;
				CLANG_WARN_QUOTED_INCLUDE_IN_FRAMEWORK_HEADER = YES;
				CLANG_WARN_RANGE_LOOP_ANALYSIS = YES;
				CLANG_WARN_STRICT_PROTOTYPES = YES;
				CLANG_WARN_SUSPICIOUS_MOVE = YES;
				CLANG_WARN_UNGUARDED_AVAILABILITY = YES_AGGRESSIVE;
				CLANG_WARN_UNREACHABLE_CODE = YES;
				CLANG_WARN__DUPLICATE_METHOD_MATCH = YES;
				COPY_PHASE_STRIP = NO;
				DEBUG_INFORMATION_FORMAT = dwarf;
				ENABLE_STRICT_OBJC_MSGSEND = YES;
				ENABLE_TESTABILITY = YES;
				GCC_C_LANGUAGE_STANDARD = gnu11;
				GCC_DYNAMIC_NO_PIC = NO;
				GCC_NO_COMMON_BLOCKS = YES;
				GCC_OPTIMIZATION_LEVEL = 0;
				GCC_PREPROCESSOR_DEFINITIONS = (
					"DEBUG=1",
					"$(inherited)",
				);
				GCC_WARN_64_TO_32_BIT_CONVERSION = YES;
				GCC_WARN_ABOUT_RETURN_TYPE = YES_ERROR;
				GCC_WARN_UNDECLARED_SELECTOR = YES;
				GCC_WARN_UNINITIALIZED_AUTOS = YES_AGGRESSIVE;
				GCC_WARN_UNUSED_FUNCTION = YES;
				GCC_WARN_UNUSED_VARIABLE = YES;
				IPHONEOS_DEPLOYMENT_TARGET = 16.1;
				MTL_ENABLE_DEBUG_INFO = INCLUDE_SOURCE;
				MTL_FAST_MATH = YES;
				ONLY_ACTIVE_ARCH = YES;
				SDKROOT = iphoneos;
				SWIFT_ACTIVE_COMPILATION_CONDITIONS = DEBUG;
				SWIFT_OPTIMIZATION_LEVEL = "-Onone";
			};
			name = Debug;
		};
		0B781FEF29211244001D84AB /* Release */ = {
			isa = XCBuildConfiguration;
			buildSettings = {
				ALWAYS_SEARCH_USER_PATHS = NO;
				CLANG_ANALYZER_NONNULL = YES;
				CLANG_ANALYZER_NUMBER_OBJECT_CONVERSION = YES_AGGRESSIVE;
				CLANG_CXX_LANGUAGE_STANDARD = "gnu++20";
				CLANG_ENABLE_MODULES = YES;
				CLANG_ENABLE_OBJC_ARC = YES;
				CLANG_ENABLE_OBJC_WEAK = YES;
				CLANG_WARN_BLOCK_CAPTURE_AUTORELEASING = YES;
				CLANG_WARN_BOOL_CONVERSION = YES;
				CLANG_WARN_COMMA = YES;
				CLANG_WARN_CONSTANT_CONVERSION = YES;
				CLANG_WARN_DEPRECATED_OBJC_IMPLEMENTATIONS = YES;
				CLANG_WARN_DIRECT_OBJC_ISA_USAGE = YES_ERROR;
				CLANG_WARN_DOCUMENTATION_COMMENTS = YES;
				CLANG_WARN_EMPTY_BODY = YES;
				CLANG_WARN_ENUM_CONVERSION = YES;
				CLANG_WARN_INFINITE_RECURSION = YES;
				CLANG_WARN_INT_CONVERSION = YES;
				CLANG_WARN_NON_LITERAL_NULL_CONVERSION = YES;
				CLANG_WARN_OBJC_IMPLICIT_RETAIN_SELF = YES;
				CLANG_WARN_OBJC_LITERAL_CONVERSION = YES;
				CLANG_WARN_OBJC_ROOT_CLASS = YES_ERROR;
				CLANG_WARN_QUOTED_INCLUDE_IN_FRAMEWORK_HEADER = YES;
				CLANG_WARN_RANGE_LOOP_ANALYSIS = YES;
				CLANG_WARN_STRICT_PROTOTYPES = YES;
				CLANG_WARN_SUSPICIOUS_MOVE = YES;
				CLANG_WARN_UNGUARDED_AVAILABILITY = YES_AGGRESSIVE;
				CLANG_WARN_UNREACHABLE_CODE = YES;
				CLANG_WARN__DUPLICATE_METHOD_MATCH = YES;
				COPY_PHASE_STRIP = NO;
				DEBUG_INFORMATION_FORMAT = "dwarf-with-dsym";
				ENABLE_NS_ASSERTIONS = NO;
				ENABLE_STRICT_OBJC_MSGSEND = YES;
				GCC_C_LANGUAGE_STANDARD = gnu11;
				GCC_NO_COMMON_BLOCKS = YES;
				GCC_WARN_64_TO_32_BIT_CONVERSION = YES;
				GCC_WARN_ABOUT_RETURN_TYPE = YES_ERROR;
				GCC_WARN_UNDECLARED_SELECTOR = YES;
				GCC_WARN_UNINITIALIZED_AUTOS = YES_AGGRESSIVE;
				GCC_WARN_UNUSED_FUNCTION = YES;
				GCC_WARN_UNUSED_VARIABLE = YES;
				IPHONEOS_DEPLOYMENT_TARGET = 16.1;
				MTL_ENABLE_DEBUG_INFO = NO;
				MTL_FAST_MATH = YES;
				SDKROOT = iphoneos;
				SWIFT_COMPILATION_MODE = wholemodule;
				SWIFT_OPTIMIZATION_LEVEL = "-O";
				VALIDATE_PRODUCT = YES;
			};
			name = Release;
		};
		0B781FF129211244001D84AB /* Debug */ = {
			isa = XCBuildConfiguration;
			buildSettings = {
				ASSETCATALOG_COMPILER_APPICON_NAME = AppIcon;
				ASSETCATALOG_COMPILER_GLOBAL_ACCENT_COLOR_NAME = AccentColor;
				CODE_SIGN_STYLE = Automatic;
				CURRENT_PROJECT_VERSION = 1;
				DEVELOPMENT_ASSET_PATHS = "\"sonddr/Preview Content\"";
				DEVELOPMENT_TEAM = 3WVGXY89DC;
				ENABLE_PREVIEWS = YES;
				GENERATE_INFOPLIST_FILE = YES;
				INFOPLIST_FILE = sonddr/Info.plist;
				INFOPLIST_KEY_UIApplicationSceneManifest_Generation = YES;
				INFOPLIST_KEY_UIApplicationSupportsIndirectInputEvents = YES;
				INFOPLIST_KEY_UISupportedInterfaceOrientations_iPad = "UIInterfaceOrientationPortrait UIInterfaceOrientationPortraitUpsideDown UIInterfaceOrientationLandscapeLeft UIInterfaceOrientationLandscapeRight";
				INFOPLIST_KEY_UISupportedInterfaceOrientations_iPhone = "UIInterfaceOrientationPortrait UIInterfaceOrientationLandscapeLeft UIInterfaceOrientationLandscapeRight";
				INFOPLIST_KEY_UIUserInterfaceStyle = Dark;
				IPHONEOS_DEPLOYMENT_TARGET = 16.0;
				LD_RUNPATH_SEARCH_PATHS = (
					"$(inherited)",
					"@executable_path/Frameworks",
				);
				MARKETING_VERSION = 1.0;
				PRODUCT_BUNDLE_IDENTIFIER = com.sonddr.sonddr;
				PRODUCT_NAME = "$(TARGET_NAME)";
				SWIFT_EMIT_LOC_STRINGS = YES;
				SWIFT_VERSION = 5.0;
				TARGETED_DEVICE_FAMILY = "1,2";
			};
			name = Debug;
		};
		0B781FF229211244001D84AB /* Release */ = {
			isa = XCBuildConfiguration;
			buildSettings = {
				ASSETCATALOG_COMPILER_APPICON_NAME = AppIcon;
				ASSETCATALOG_COMPILER_GLOBAL_ACCENT_COLOR_NAME = AccentColor;
				CODE_SIGN_STYLE = Automatic;
				CURRENT_PROJECT_VERSION = 1;
				DEVELOPMENT_ASSET_PATHS = "\"sonddr/Preview Content\"";
				DEVELOPMENT_TEAM = 3WVGXY89DC;
				ENABLE_PREVIEWS = YES;
				GENERATE_INFOPLIST_FILE = YES;
				INFOPLIST_FILE = sonddr/Info.plist;
				INFOPLIST_KEY_UIApplicationSceneManifest_Generation = YES;
				INFOPLIST_KEY_UIApplicationSupportsIndirectInputEvents = YES;
				INFOPLIST_KEY_UISupportedInterfaceOrientations_iPad = "UIInterfaceOrientationPortrait UIInterfaceOrientationPortraitUpsideDown UIInterfaceOrientationLandscapeLeft UIInterfaceOrientationLandscapeRight";
				INFOPLIST_KEY_UISupportedInterfaceOrientations_iPhone = "UIInterfaceOrientationPortrait UIInterfaceOrientationLandscapeLeft UIInterfaceOrientationLandscapeRight";
				INFOPLIST_KEY_UIUserInterfaceStyle = Dark;
				IPHONEOS_DEPLOYMENT_TARGET = 16.0;
				LD_RUNPATH_SEARCH_PATHS = (
					"$(inherited)",
					"@executable_path/Frameworks",
				);
				MARKETING_VERSION = 1.0;
				PRODUCT_BUNDLE_IDENTIFIER = com.sonddr.sonddr;
				PRODUCT_NAME = "$(TARGET_NAME)";
				SWIFT_EMIT_LOC_STRINGS = YES;
				SWIFT_VERSION = 5.0;
				TARGETED_DEVICE_FAMILY = "1,2";
			};
			name = Release;
		};
/* End XCBuildConfiguration section */

/* Begin XCConfigurationList section */
		0B781FDD29211243001D84AB /* Build configuration list for PBXProject "sonddr" */ = {
			isa = XCConfigurationList;
			buildConfigurations = (
				0B781FEE29211244001D84AB /* Debug */,
				0B781FEF29211244001D84AB /* Release */,
			);
			defaultConfigurationIsVisible = 0;
			defaultConfigurationName = Release;
		};
		0B781FF029211244001D84AB /* Build configuration list for PBXNativeTarget "sonddr" */ = {
			isa = XCConfigurationList;
			buildConfigurations = (
				0B781FF129211244001D84AB /* Debug */,
				0B781FF229211244001D84AB /* Release */,
			);
			defaultConfigurationIsVisible = 0;
			defaultConfigurationName = Release;
		};
/* End XCConfigurationList section */
	};
	rootObject = 0B781FDA29211243001D84AB /* Project object */;
}
